
Microsoft Visual Studio Solution File, Format Version 12.00
# Visual Studio Version 17
VisualStudioVersion = 17.12.35521.163 d17.12
MinimumVisualStudioVersion = 10.0.40219.1
Project("{FAE04EC0-301F-11D3-BF4B-00C04F79EFBC}") = "MOverloadingNOfPParameter", "MOverloadingNOfPParameter.csproj", "{D1DF856D-B488-42E3-917B-0F29AA1D70A5}"
EndProject
Global
	GlobalSection(SolutionConfigurationPlatforms) = preSolution
		Debug|Any CPU = Debug|Any CPU
		Release|Any CPU = Release|Any CPU
	EndGlobalSection
	GlobalSection(ProjectConfigurationPlatforms) = postSolution
		{D1DF856D-B488-42E3-917B-0F29AA1D70A5}.Debug|Any CPU.ActiveCfg = Debug|Any CPU
		{D1DF856D-B488-42E3-917B-0F29AA1D70A5}.Debug|Any CPU.Build.0 = Debug|Any CPU
		{D1DF856D-B488-42E3-917B-0F29AA1D70A5}.Release|Any CPU.ActiveCfg = Release|Any CPU
		{D1DF856D-B488-42E3-917B-0F29AA1D70A5}.Release|Any CPU.Build.0 = Release|Any CPU
	EndGlobalSection
	GlobalSection(SolutionProperties) = preSolution
		HideSolutionNode = FALSE
	EndGlobalSection
EndGlobal
